// !$*UTF8*$!
{
	archiveVersion = 1;
	classes = {
	};
	objectVersion = 50;
	objects = {

/* Begin PBXBuildFile section */
		3F07809F2553EF4100E0332F /* UserDefaultsManager.swift in Sources */ = {isa = PBXBuildFile; fileRef = 3F07809E2553EF4100E0332F /* UserDefaultsManager.swift */; };
		3F0780A22554066500E0332F /* AppConstans.swift in Sources */ = {isa = PBXBuildFile; fileRef = 3F0780A12554066500E0332F /* AppConstans.swift */; };
		3F2B29CC255A7FE500DDE683 /* UIView+fromNib.swift in Sources */ = {isa = PBXBuildFile; fileRef = 3F2B29CB255A7FE500DDE683 /* UIView+fromNib.swift */; };
		3F2B29D7255AB84100DDE683 /* CurrentUser.swift in Sources */ = {isa = PBXBuildFile; fileRef = 3F2B29D6255AB84100DDE683 /* CurrentUser.swift */; };
		3F2E76FF255408B100853140 /* UserData.swift in Sources */ = {isa = PBXBuildFile; fileRef = 3F2E76FE255408B100853140 /* UserData.swift */; };
		3F2E7708255474A100853140 /* AlertView.xib in Resources */ = {isa = PBXBuildFile; fileRef = 3F2E7707255474A100853140 /* AlertView.xib */; };
		3F2E770B255474C600853140 /* AlertView.swift in Sources */ = {isa = PBXBuildFile; fileRef = 3F2E770A255474C600853140 /* AlertView.swift */; };
		3F54E91B254E8F2B00426261 /* LoginResponse.swift in Sources */ = {isa = PBXBuildFile; fileRef = 3F54E91A254E8F2B00426261 /* LoginResponse.swift */; };
		3F54E923254E94E700426261 /* ApiError.swift in Sources */ = {isa = PBXBuildFile; fileRef = 3F54E922254E94E700426261 /* ApiError.swift */; };
		3F54E926254E97FB00426261 /* Authorization.swift in Sources */ = {isa = PBXBuildFile; fileRef = 3F54E925254E97FB00426261 /* Authorization.swift */; };
		3FB6FD23254FF4D800702D43 /* LogoutResponse.swift in Sources */ = {isa = PBXBuildFile; fileRef = 3FB6FD22254FF4D800702D43 /* LogoutResponse.swift */; };
		3FB6FD36255084F200702D43 /* ApiURL.swift in Sources */ = {isa = PBXBuildFile; fileRef = 3FB6FD35255084F200702D43 /* ApiURL.swift */; };
		3FF299ED254ADD800087AEC7 /* SceneDelegate.swift in Sources */ = {isa = PBXBuildFile; fileRef = 3FF299EC254ADD800087AEC7 /* SceneDelegate.swift */; };
		3FF299EF254ADD800087AEC7 /* WelcomeViewController.swift in Sources */ = {isa = PBXBuildFile; fileRef = 3FF299EE254ADD800087AEC7 /* WelcomeViewController.swift */; };
		3FF299F2254ADD800087AEC7 /* Welcome.storyboard in Resources */ = {isa = PBXBuildFile; fileRef = 3FF299F0254ADD800087AEC7 /* Welcome.storyboard */; };
		3FF299F4254ADD830087AEC7 /* Assets.xcassets in Resources */ = {isa = PBXBuildFile; fileRef = 3FF299F3254ADD830087AEC7 /* Assets.xcassets */; };
		3FF299F7254ADD830087AEC7 /* LaunchScreen.storyboard in Resources */ = {isa = PBXBuildFile; fileRef = 3FF299F5254ADD830087AEC7 /* LaunchScreen.storyboard */; };
		3FF29A12254C0BEC0087AEC7 /* String+localized.swift in Sources */ = {isa = PBXBuildFile; fileRef = 3FF29A11254C0BEC0087AEC7 /* String+localized.swift */; };
		3FFAC973254DAAFF00AED580 /* RequestAPI.swift in Sources */ = {isa = PBXBuildFile; fileRef = 3FFAC972254DAAFF00AED580 /* RequestAPI.swift */; };
		49F53EAE25531263008327A6 /* Localizable.strings in Resources */ = {isa = PBXBuildFile; fileRef = 49F53EAC25531263008327A6 /* Localizable.strings */; };
		64B74F3B254C70E3004E6A4E /* WelcomeCoordinator.swift in Sources */ = {isa = PBXBuildFile; fileRef = 64B74F3A254C70E3004E6A4E /* WelcomeCoordinator.swift */; };
		64B74F3E254C71B1004E6A4E /* Coordinator.swift in Sources */ = {isa = PBXBuildFile; fileRef = 64B74F3D254C71B1004E6A4E /* Coordinator.swift */; };
		64B74F41254C71F2004E6A4E /* Storyboarded.swift in Sources */ = {isa = PBXBuildFile; fileRef = 64B74F40254C71F2004E6A4E /* Storyboarded.swift */; };
		64F78E222551D9CA002C1565 /* ForgotPasswordCoordinator.swift in Sources */ = {isa = PBXBuildFile; fileRef = 64F78E212551D9CA002C1565 /* ForgotPasswordCoordinator.swift */; };
		64F78E252551D9E1002C1565 /* ForgotPasswordViewController.swift in Sources */ = {isa = PBXBuildFile; fileRef = 64F78E242551D9E1002C1565 /* ForgotPasswordViewController.swift */; };
		64F78E2A2551DA01002C1565 /* ForgotPassword.storyboard in Resources */ = {isa = PBXBuildFile; fileRef = 64F78E292551DA01002C1565 /* ForgotPassword.storyboard */; };
		64F78E4025557CAE002C1565 /* Validate.swift in Sources */ = {isa = PBXBuildFile; fileRef = 64F78E3F25557CAE002C1565 /* Validate.swift */; };
		64F78E7D255C5889002C1565 /* INTITATests.swift in Sources */ = {isa = PBXBuildFile; fileRef = 64F78E7C255C5889002C1565 /* INTITATests.swift */; };
		64F78EA0255D4DC8002C1565 /* ValidateTest.swift in Sources */ = {isa = PBXBuildFile; fileRef = 64F78E9F255D4DC8002C1565 /* ValidateTest.swift */; };
		846E63B7255007C200C737C4 /* AppDelegate.swift in Sources */ = {isa = PBXBuildFile; fileRef = 846E63B6255007C200C737C4 /* AppDelegate.swift */; };
		848EE5062553FBF30042E3D8 /* LogInViewModel.swift in Sources */ = {isa = PBXBuildFile; fileRef = 848EE5052553FBF30042E3D8 /* LogInViewModel.swift */; };
		84A08F5C2556B9AE00565689 /* LogIn.storyboard in Resources */ = {isa = PBXBuildFile; fileRef = 84A08F592556B9AE00565689 /* LogIn.storyboard */; };
		84A08F5D2556B9AE00565689 /* LogInViewController.swift in Sources */ = {isa = PBXBuildFile; fileRef = 84A08F5A2556B9AE00565689 /* LogInViewController.swift */; };
		84A08F5E2556B9AE00565689 /* LogInCoordinator.swift in Sources */ = {isa = PBXBuildFile; fileRef = 84A08F5B2556B9AE00565689 /* LogInCoordinator.swift */; };
		84BF645C255E8B4000E2E036 /* LogoTableViewCell.swift in Sources */ = {isa = PBXBuildFile; fileRef = 84BF645A255E8B4000E2E036 /* LogoTableViewCell.swift */; };
		84BF645D255E8B4000E2E036 /* LogoTableViewCell.xib in Resources */ = {isa = PBXBuildFile; fileRef = 84BF645B255E8B4000E2E036 /* LogoTableViewCell.xib */; };
		84BF6462255E8CC200E2E036 /* TextTableViewCell.swift in Sources */ = {isa = PBXBuildFile; fileRef = 84BF6460255E8CC200E2E036 /* TextTableViewCell.swift */; };
		84BF6463255E8CC200E2E036 /* TextTableViewCell.xib in Resources */ = {isa = PBXBuildFile; fileRef = 84BF6461255E8CC200E2E036 /* TextTableViewCell.xib */; };
		84BF6468255E8F6500E2E036 /* RegisterButtonTableViewCell.swift in Sources */ = {isa = PBXBuildFile; fileRef = 84BF6466255E8F6500E2E036 /* RegisterButtonTableViewCell.swift */; };
		84BF6469255E8F6500E2E036 /* RegisterButtonTableViewCell.xib in Resources */ = {isa = PBXBuildFile; fileRef = 84BF6467255E8F6500E2E036 /* RegisterButtonTableViewCell.xib */; };
		84BF646E255E903D00E2E036 /* LinksTableViewCell.swift in Sources */ = {isa = PBXBuildFile; fileRef = 84BF646C255E903D00E2E036 /* LinksTableViewCell.swift */; };
		84BF646F255E903D00E2E036 /* LinksTableViewCell.xib in Resources */ = {isa = PBXBuildFile; fileRef = 84BF646D255E903D00E2E036 /* LinksTableViewCell.xib */; };
		BA78F0392559614C00DE2FB5 /* Shadow+BorderRadius+CornerRadius.swift in Sources */ = {isa = PBXBuildFile; fileRef = BA78F0382559614C00DE2FB5 /* Shadow+BorderRadius+CornerRadius.swift */; };
		BA78F03C255971A400DE2FB5 /* UIColor+Additions.swift in Sources */ = {isa = PBXBuildFile; fileRef = BA78F03B255971A400DE2FB5 /* UIColor+Additions.swift */; };
		BA78F04125599D6100DE2FB5 /* MyriadPro-Light.ttf in Resources */ = {isa = PBXBuildFile; fileRef = BA78F04025599D2600DE2FB5 /* MyriadPro-Light.ttf */; };
		BA78F04325599D6300DE2FB5 /* MyriadPro-Regular.ttf in Resources */ = {isa = PBXBuildFile; fileRef = BA78F03F25599D1600DE2FB5 /* MyriadPro-Regular.ttf */; };
		BA8D88572552C54D005A44C2 /* UIFont+Additions.swift in Sources */ = {isa = PBXBuildFile; fileRef = BA8D88562552C54D005A44C2 /* UIFont+Additions.swift */; };
		BAAB2BCA255DC67300D6D528 /* ActivityIndicatorView.swift in Sources */ = {isa = PBXBuildFile; fileRef = BAAB2BC9255DC67300D6D528 /* ActivityIndicatorView.swift */; };
		BAF940CE2550754300AE50CE /* PromoTextView.swift in Sources */ = {isa = PBXBuildFile; fileRef = BAF940CD2550754300AE50CE /* PromoTextView.swift */; };
/* End PBXBuildFile section */

/* Begin PBXContainerItemProxy section */
		64F78E75255C5874002C1565 /* PBXContainerItemProxy */ = {
			isa = PBXContainerItemProxy;
			containerPortal = 3FF299DF254ADD800087AEC7 /* Project object */;
			proxyType = 1;
			remoteGlobalIDString = 3FF299E6254ADD800087AEC7;
			remoteInfo = INTITA;
		};
/* End PBXContainerItemProxy section */

/* Begin PBXFileReference section */
		3F07809E2553EF4100E0332F /* UserDefaultsManager.swift */ = {isa = PBXFileReference; lastKnownFileType = sourcecode.swift; path = UserDefaultsManager.swift; sourceTree = "<group>"; };
		3F0780A12554066500E0332F /* AppConstans.swift */ = {isa = PBXFileReference; lastKnownFileType = sourcecode.swift; path = AppConstans.swift; sourceTree = "<group>"; };
		3F2B29CB255A7FE500DDE683 /* UIView+fromNib.swift */ = {isa = PBXFileReference; lastKnownFileType = sourcecode.swift; path = "UIView+fromNib.swift"; sourceTree = "<group>"; };
		3F2B29D6255AB84100DDE683 /* CurrentUser.swift */ = {isa = PBXFileReference; lastKnownFileType = sourcecode.swift; path = CurrentUser.swift; sourceTree = "<group>"; };
		3F2E76FE255408B100853140 /* UserData.swift */ = {isa = PBXFileReference; lastKnownFileType = sourcecode.swift; path = UserData.swift; sourceTree = "<group>"; };
		3F2E7707255474A100853140 /* AlertView.xib */ = {isa = PBXFileReference; lastKnownFileType = file.xib; path = AlertView.xib; sourceTree = "<group>"; };
		3F2E770A255474C600853140 /* AlertView.swift */ = {isa = PBXFileReference; lastKnownFileType = sourcecode.swift; path = AlertView.swift; sourceTree = "<group>"; };
		3F54E91A254E8F2B00426261 /* LoginResponse.swift */ = {isa = PBXFileReference; lastKnownFileType = sourcecode.swift; path = LoginResponse.swift; sourceTree = "<group>"; };
		3F54E922254E94E700426261 /* ApiError.swift */ = {isa = PBXFileReference; lastKnownFileType = sourcecode.swift; path = ApiError.swift; sourceTree = "<group>"; };
		3F54E925254E97FB00426261 /* Authorization.swift */ = {isa = PBXFileReference; lastKnownFileType = sourcecode.swift; path = Authorization.swift; sourceTree = "<group>"; };
		3FB6FD22254FF4D800702D43 /* LogoutResponse.swift */ = {isa = PBXFileReference; lastKnownFileType = sourcecode.swift; path = LogoutResponse.swift; sourceTree = "<group>"; };
		3FB6FD35255084F200702D43 /* ApiURL.swift */ = {isa = PBXFileReference; lastKnownFileType = sourcecode.swift; path = ApiURL.swift; sourceTree = "<group>"; };
		3FF299E7254ADD800087AEC7 /* INTITA.app */ = {isa = PBXFileReference; explicitFileType = wrapper.application; includeInIndex = 0; path = INTITA.app; sourceTree = BUILT_PRODUCTS_DIR; };
		3FF299EC254ADD800087AEC7 /* SceneDelegate.swift */ = {isa = PBXFileReference; lastKnownFileType = sourcecode.swift; path = SceneDelegate.swift; sourceTree = "<group>"; };
		3FF299EE254ADD800087AEC7 /* WelcomeViewController.swift */ = {isa = PBXFileReference; lastKnownFileType = sourcecode.swift; path = WelcomeViewController.swift; sourceTree = "<group>"; };
		3FF299F1254ADD800087AEC7 /* Base */ = {isa = PBXFileReference; lastKnownFileType = file.storyboard; name = Base; path = Base.lproj/Welcome.storyboard; sourceTree = "<group>"; };
		3FF299F3254ADD830087AEC7 /* Assets.xcassets */ = {isa = PBXFileReference; lastKnownFileType = folder.assetcatalog; path = Assets.xcassets; sourceTree = "<group>"; };
		3FF299F6254ADD830087AEC7 /* Base */ = {isa = PBXFileReference; lastKnownFileType = file.storyboard; name = Base; path = Base.lproj/LaunchScreen.storyboard; sourceTree = "<group>"; };
		3FF299F8254ADD830087AEC7 /* Info.plist */ = {isa = PBXFileReference; lastKnownFileType = text.plist.xml; path = Info.plist; sourceTree = "<group>"; };
		3FF29A11254C0BEC0087AEC7 /* String+localized.swift */ = {isa = PBXFileReference; lastKnownFileType = sourcecode.swift; path = "String+localized.swift"; sourceTree = "<group>"; };
		3FFAC972254DAAFF00AED580 /* RequestAPI.swift */ = {isa = PBXFileReference; lastKnownFileType = sourcecode.swift; path = RequestAPI.swift; sourceTree = "<group>"; };
		49F53EAD25531263008327A6 /* uk */ = {isa = PBXFileReference; lastKnownFileType = text.plist.strings; name = uk; path = uk.lproj/Localizable.strings; sourceTree = "<group>"; };
		49F53EB02553126D008327A6 /* ru */ = {isa = PBXFileReference; lastKnownFileType = text.plist.strings; name = ru; path = ru.lproj/Localizable.strings; sourceTree = "<group>"; };
		49F53EB125531274008327A6 /* en */ = {isa = PBXFileReference; lastKnownFileType = text.plist.strings; name = en; path = en.lproj/Localizable.strings; sourceTree = "<group>"; };
		64B74F3A254C70E3004E6A4E /* WelcomeCoordinator.swift */ = {isa = PBXFileReference; lastKnownFileType = sourcecode.swift; path = WelcomeCoordinator.swift; sourceTree = "<group>"; };
		64B74F3D254C71B1004E6A4E /* Coordinator.swift */ = {isa = PBXFileReference; lastKnownFileType = sourcecode.swift; path = Coordinator.swift; sourceTree = "<group>"; };
		64B74F40254C71F2004E6A4E /* Storyboarded.swift */ = {isa = PBXFileReference; lastKnownFileType = sourcecode.swift; path = Storyboarded.swift; sourceTree = "<group>"; };
		64F78E212551D9CA002C1565 /* ForgotPasswordCoordinator.swift */ = {isa = PBXFileReference; lastKnownFileType = sourcecode.swift; path = ForgotPasswordCoordinator.swift; sourceTree = "<group>"; };
		64F78E242551D9E1002C1565 /* ForgotPasswordViewController.swift */ = {isa = PBXFileReference; lastKnownFileType = sourcecode.swift; path = ForgotPasswordViewController.swift; sourceTree = "<group>"; };
		64F78E292551DA01002C1565 /* ForgotPassword.storyboard */ = {isa = PBXFileReference; lastKnownFileType = file.storyboard; path = ForgotPassword.storyboard; sourceTree = "<group>"; };
		64F78E3F25557CAE002C1565 /* Validate.swift */ = {isa = PBXFileReference; lastKnownFileType = sourcecode.swift; path = Validate.swift; sourceTree = "<group>"; };
		64F78E70255C5874002C1565 /* INTITATests.xctest */ = {isa = PBXFileReference; explicitFileType = wrapper.cfbundle; includeInIndex = 0; path = INTITATests.xctest; sourceTree = BUILT_PRODUCTS_DIR; };
		64F78E74255C5874002C1565 /* Info.plist */ = {isa = PBXFileReference; lastKnownFileType = text.plist.xml; path = Info.plist; sourceTree = "<group>"; };
		64F78E7C255C5889002C1565 /* INTITATests.swift */ = {isa = PBXFileReference; fileEncoding = 4; lastKnownFileType = sourcecode.swift; path = INTITATests.swift; sourceTree = "<group>"; };
		64F78E9F255D4DC8002C1565 /* ValidateTest.swift */ = {isa = PBXFileReference; lastKnownFileType = sourcecode.swift; path = ValidateTest.swift; sourceTree = "<group>"; };
		846E63A6254FFD3F00C737C4 /* LogIn.storyboard */ = {isa = PBXFileReference; lastKnownFileType = file.storyboard; path = LogIn.storyboard; sourceTree = "<group>"; };
		846E63B6255007C200C737C4 /* AppDelegate.swift */ = {isa = PBXFileReference; fileEncoding = 4; lastKnownFileType = sourcecode.swift; path = AppDelegate.swift; sourceTree = "<group>"; };
		848EE5052553FBF30042E3D8 /* LogInViewModel.swift */ = {isa = PBXFileReference; lastKnownFileType = sourcecode.swift; path = LogInViewModel.swift; sourceTree = "<group>"; };
		84A08F592556B9AE00565689 /* LogIn.storyboard */ = {isa = PBXFileReference; fileEncoding = 4; lastKnownFileType = file.storyboard; path = LogIn.storyboard; sourceTree = "<group>"; };
		84A08F5A2556B9AE00565689 /* LogInViewController.swift */ = {isa = PBXFileReference; fileEncoding = 4; lastKnownFileType = sourcecode.swift; path = LogInViewController.swift; sourceTree = "<group>"; };
		84A08F5B2556B9AE00565689 /* LogInCoordinator.swift */ = {isa = PBXFileReference; fileEncoding = 4; lastKnownFileType = sourcecode.swift; path = LogInCoordinator.swift; sourceTree = "<group>"; };
		84BF645A255E8B4000E2E036 /* LogoTableViewCell.swift */ = {isa = PBXFileReference; lastKnownFileType = sourcecode.swift; path = LogoTableViewCell.swift; sourceTree = "<group>"; };
		84BF645B255E8B4000E2E036 /* LogoTableViewCell.xib */ = {isa = PBXFileReference; lastKnownFileType = file.xib; path = LogoTableViewCell.xib; sourceTree = "<group>"; };
		84BF6460255E8CC200E2E036 /* TextTableViewCell.swift */ = {isa = PBXFileReference; lastKnownFileType = sourcecode.swift; path = TextTableViewCell.swift; sourceTree = "<group>"; };
		84BF6461255E8CC200E2E036 /* TextTableViewCell.xib */ = {isa = PBXFileReference; lastKnownFileType = file.xib; path = TextTableViewCell.xib; sourceTree = "<group>"; };
		84BF6466255E8F6500E2E036 /* RegisterButtonTableViewCell.swift */ = {isa = PBXFileReference; lastKnownFileType = sourcecode.swift; path = RegisterButtonTableViewCell.swift; sourceTree = "<group>"; };
		84BF6467255E8F6500E2E036 /* RegisterButtonTableViewCell.xib */ = {isa = PBXFileReference; lastKnownFileType = file.xib; path = RegisterButtonTableViewCell.xib; sourceTree = "<group>"; };
		84BF646C255E903D00E2E036 /* LinksTableViewCell.swift */ = {isa = PBXFileReference; lastKnownFileType = sourcecode.swift; path = LinksTableViewCell.swift; sourceTree = "<group>"; };
		84BF646D255E903D00E2E036 /* LinksTableViewCell.xib */ = {isa = PBXFileReference; lastKnownFileType = file.xib; path = LinksTableViewCell.xib; sourceTree = "<group>"; };
		BA78F0382559614C00DE2FB5 /* Shadow+BorderRadius+CornerRadius.swift */ = {isa = PBXFileReference; lastKnownFileType = sourcecode.swift; path = "Shadow+BorderRadius+CornerRadius.swift"; sourceTree = "<group>"; };
		BA78F03B255971A400DE2FB5 /* UIColor+Additions.swift */ = {isa = PBXFileReference; lastKnownFileType = sourcecode.swift; path = "UIColor+Additions.swift"; sourceTree = "<group>"; };
		BA78F03F25599D1600DE2FB5 /* MyriadPro-Regular.ttf */ = {isa = PBXFileReference; lastKnownFileType = file; path = "MyriadPro-Regular.ttf"; sourceTree = "<group>"; };
		BA78F04025599D2600DE2FB5 /* MyriadPro-Light.ttf */ = {isa = PBXFileReference; lastKnownFileType = file; path = "MyriadPro-Light.ttf"; sourceTree = "<group>"; };
		BA8D88562552C54D005A44C2 /* UIFont+Additions.swift */ = {isa = PBXFileReference; fileEncoding = 4; lastKnownFileType = sourcecode.swift; path = "UIFont+Additions.swift"; sourceTree = "<group>"; };
		BAAB2BC9255DC67300D6D528 /* ActivityIndicatorView.swift */ = {isa = PBXFileReference; lastKnownFileType = sourcecode.swift; path = ActivityIndicatorView.swift; sourceTree = "<group>"; };
		BAF940CD2550754300AE50CE /* PromoTextView.swift */ = {isa = PBXFileReference; fileEncoding = 4; lastKnownFileType = sourcecode.swift; path = PromoTextView.swift; sourceTree = "<group>"; };
/* End PBXFileReference section */

/* Begin PBXFrameworksBuildPhase section */
		3FF299E4254ADD800087AEC7 /* Frameworks */ = {
			isa = PBXFrameworksBuildPhase;
			buildActionMask = 2147483647;
			files = (
			);
			runOnlyForDeploymentPostprocessing = 0;
		};
		64F78E6D255C5874002C1565 /* Frameworks */ = {
			isa = PBXFrameworksBuildPhase;
			buildActionMask = 2147483647;
			files = (
			);
			runOnlyForDeploymentPostprocessing = 0;
		};
/* End PBXFrameworksBuildPhase section */

/* Begin PBXGroup section */
		3F2E770D255474D300853140 /* AlertView */ = {
			isa = PBXGroup;
			children = (
				3F2E7707255474A100853140 /* AlertView.xib */,
				3F2E770A255474C600853140 /* AlertView.swift */,
			);
			path = AlertView;
			sourceTree = "<group>";
		};
		3F54E91D254E8F3500426261 /* Models */ = {
			isa = PBXGroup;
			children = (
				3F54E91A254E8F2B00426261 /* LoginResponse.swift */,
				3FB6FD22254FF4D800702D43 /* LogoutResponse.swift */,
				3F2B29D6255AB84100DDE683 /* CurrentUser.swift */,
			);
			path = Models;
			sourceTree = "<group>";
		};
		3F54E91E254E8F9400426261 /* SupportingFiles */ = {
			isa = PBXGroup;
			children = (
				3FF299F3254ADD830087AEC7 /* Assets.xcassets */,
				846E63B6255007C200C737C4 /* AppDelegate.swift */,
				3FF299EC254ADD800087AEC7 /* SceneDelegate.swift */,
				3FF299F5254ADD830087AEC7 /* LaunchScreen.storyboard */,
			);
			path = SupportingFiles;
			sourceTree = "<group>";
		};
		3FF299DE254ADD800087AEC7 = {
			isa = PBXGroup;
			children = (
				3FF299E9254ADD800087AEC7 /* INTITA */,
				64F78E71255C5874002C1565 /* INTITATests */,
				3FF299E8254ADD800087AEC7 /* Products */,
			);
			sourceTree = "<group>";
		};
		3FF299E8254ADD800087AEC7 /* Products */ = {
			isa = PBXGroup;
			children = (
				3FF299E7254ADD800087AEC7 /* INTITA.app */,
				64F78E70255C5874002C1565 /* INTITATests.xctest */,
			);
			name = Products;
			sourceTree = "<group>";
		};
		3FF299E9254ADD800087AEC7 /* INTITA */ = {
			isa = PBXGroup;
			children = (
				3F54E91D254E8F3500426261 /* Models */,
				3FFAC975254DAB0700AED580 /* Networking */,
				BA8D88512552C37F005A44C2 /* Modules */,
				BA8D88502552C365005A44C2 /* Common */,
				3F54E91E254E8F9400426261 /* SupportingFiles */,
				3FF299F8254ADD830087AEC7 /* Info.plist */,
			);
			path = INTITA;
			sourceTree = "<group>";
		};
		3FF29A14254C0BFF0087AEC7 /* Extensions */ = {
			isa = PBXGroup;
			children = (
				3FF29A11254C0BEC0087AEC7 /* String+localized.swift */,
				3F2B29CB255A7FE500DDE683 /* UIView+fromNib.swift */,
				BA8D88562552C54D005A44C2 /* UIFont+Additions.swift */,
				64B74F3D254C71B1004E6A4E /* Coordinator.swift */,
				64B74F40254C71F2004E6A4E /* Storyboarded.swift */,
				BA78F0382559614C00DE2FB5 /* Shadow+BorderRadius+CornerRadius.swift */,
				BA78F03B255971A400DE2FB5 /* UIColor+Additions.swift */,
			);
			path = Extensions;
			sourceTree = "<group>";
		};
		3FFAC975254DAB0700AED580 /* Networking */ = {
			isa = PBXGroup;
			children = (
				3FFAC972254DAAFF00AED580 /* RequestAPI.swift */,
				3FB6FD35255084F200702D43 /* ApiURL.swift */,
				3F54E922254E94E700426261 /* ApiError.swift */,
				3F54E925254E97FB00426261 /* Authorization.swift */,
			);
			path = Networking;
			sourceTree = "<group>";
		};
		49F53E9D25531234008327A6 /* Localization */ = {
			isa = PBXGroup;
			children = (
				49F53EAC25531263008327A6 /* Localizable.strings */,
			);
			path = Localization;
			sourceTree = "<group>";
		};
		64B74F47254DC369004E6A4E /* Welcome */ = {
			isa = PBXGroup;
			children = (
				64B74F3A254C70E3004E6A4E /* WelcomeCoordinator.swift */,
				3FF299EE254ADD800087AEC7 /* WelcomeViewController.swift */,
				BAF940CD2550754300AE50CE /* PromoTextView.swift */,
				3FF299F0254ADD800087AEC7 /* Welcome.storyboard */,
			);
			path = Welcome;
			sourceTree = "<group>";
		};
		64F78E272551D9EB002C1565 /* ForgotPassword */ = {
			isa = PBXGroup;
			children = (
				64F78E212551D9CA002C1565 /* ForgotPasswordCoordinator.swift */,
				64F78E242551D9E1002C1565 /* ForgotPasswordViewController.swift */,
				64F78E292551DA01002C1565 /* ForgotPassword.storyboard */,
			);
			path = ForgotPassword;
			sourceTree = "<group>";
		};
		64F78E71255C5874002C1565 /* INTITATests */ = {
			isa = PBXGroup;
			children = (
				64F78E7C255C5889002C1565 /* INTITATests.swift */,
				64F78E9F255D4DC8002C1565 /* ValidateTest.swift */,
				64F78E74255C5874002C1565 /* Info.plist */,
			);
			path = INTITATests;
			sourceTree = "<group>";
		};
		84A08F622556B9E800565689 /* LogInScreen */ = {
			isa = PBXGroup;
			children = (
				84BF6459255E8B1D00E2E036 /* LogInCells */,
				84A08F592556B9AE00565689 /* LogIn.storyboard */,
				84A08F5B2556B9AE00565689 /* LogInCoordinator.swift */,
				84A08F5A2556B9AE00565689 /* LogInViewController.swift */,
				848EE5052553FBF30042E3D8 /* LogInViewModel.swift */,
			);
			path = LogInScreen;
			sourceTree = "<group>";
		};
		84BF6459255E8B1D00E2E036 /* LogInCells */ = {
			isa = PBXGroup;
			children = (
				84BF645A255E8B4000E2E036 /* LogoTableViewCell.swift */,
				84BF645B255E8B4000E2E036 /* LogoTableViewCell.xib */,
				84BF6460255E8CC200E2E036 /* TextTableViewCell.swift */,
				84BF6461255E8CC200E2E036 /* TextTableViewCell.xib */,
				84BF6466255E8F6500E2E036 /* RegisterButtonTableViewCell.swift */,
				84BF6467255E8F6500E2E036 /* RegisterButtonTableViewCell.xib */,
				84BF646C255E903D00E2E036 /* LinksTableViewCell.swift */,
				84BF646D255E903D00E2E036 /* LinksTableViewCell.xib */,
			);
			path = LogInCells;
			sourceTree = "<group>";
		};
		BA8D88502552C365005A44C2 /* Common */ = {
			isa = PBXGroup;
			children = (
				3F07809E2553EF4100E0332F /* UserDefaultsManager.swift */,
				3F2E76FE255408B100853140 /* UserData.swift */,
				3F0780A12554066500E0332F /* AppConstans.swift */,
				64F78E3F25557CAE002C1565 /* Validate.swift */,
				49F53E9D25531234008327A6 /* Localization */,
				BA8D88642552D917005A44C2 /* Fonts */,
				3FF29A14254C0BFF0087AEC7 /* Extensions */,
				3F2E770D255474D300853140 /* AlertView */,
				BAAB2BC9255DC67300D6D528 /* ActivityIndicatorView.swift */,
			);
			path = Common;
			sourceTree = "<group>";
		};
		BA8D88512552C37F005A44C2 /* Modules */ = {
			isa = PBXGroup;
			children = (
				84A08F622556B9E800565689 /* LogInScreen */,
				64F78E272551D9EB002C1565 /* ForgotPassword */,
				64B74F47254DC369004E6A4E /* Welcome */,
			);
			path = Modules;
			sourceTree = "<group>";
		};
		BA8D88642552D917005A44C2 /* Fonts */ = {
			isa = PBXGroup;
			children = (
				BA78F03F25599D1600DE2FB5 /* MyriadPro-Regular.ttf */,
				BA78F04025599D2600DE2FB5 /* MyriadPro-Light.ttf */,
			);
			path = Fonts;
			sourceTree = "<group>";
		};
/* End PBXGroup section */

/* Begin PBXNativeTarget section */
		3FF299E6254ADD800087AEC7 /* INTITA */ = {
			isa = PBXNativeTarget;
			buildConfigurationList = 3FF299FB254ADD830087AEC7 /* Build configuration list for PBXNativeTarget "INTITA" */;
			buildPhases = (
				3FF299E3254ADD800087AEC7 /* Sources */,
				3FF299E4254ADD800087AEC7 /* Frameworks */,
				3FF299E5254ADD800087AEC7 /* Resources */,
			);
			buildRules = (
			);
			dependencies = (
			);
			name = INTITA;
			productName = INTITA;
			productReference = 3FF299E7254ADD800087AEC7 /* INTITA.app */;
			productType = "com.apple.product-type.application";
		};
		64F78E6F255C5874002C1565 /* INTITATests */ = {
			isa = PBXNativeTarget;
			buildConfigurationList = 64F78E79255C5874002C1565 /* Build configuration list for PBXNativeTarget "INTITATests" */;
			buildPhases = (
				64F78E6C255C5874002C1565 /* Sources */,
				64F78E6D255C5874002C1565 /* Frameworks */,
				64F78E6E255C5874002C1565 /* Resources */,
			);
			buildRules = (
			);
			dependencies = (
				64F78E76255C5874002C1565 /* PBXTargetDependency */,
			);
			name = INTITATests;
			productName = INTITATests;
			productReference = 64F78E70255C5874002C1565 /* INTITATests.xctest */;
			productType = "com.apple.product-type.bundle.unit-test";
		};
/* End PBXNativeTarget section */

/* Begin PBXProject section */
		3FF299DF254ADD800087AEC7 /* Project object */ = {
			isa = PBXProject;
			attributes = {
				LastSwiftUpdateCheck = 1210;
				LastUpgradeCheck = 1210;
				TargetAttributes = {
					3FF299E6254ADD800087AEC7 = {
						CreatedOnToolsVersion = 12.1;
					};
					64F78E6F255C5874002C1565 = {
						CreatedOnToolsVersion = 12.1;
						TestTargetID = 3FF299E6254ADD800087AEC7;
					};
				};
			};
			buildConfigurationList = 3FF299E2254ADD800087AEC7 /* Build configuration list for PBXProject "INTITA" */;
			compatibilityVersion = "Xcode 9.3";
			developmentRegion = en;
			hasScannedForEncodings = 0;
			knownRegions = (
				en,
				Base,
				uk,
				ru,
			);
			mainGroup = 3FF299DE254ADD800087AEC7;
			productRefGroup = 3FF299E8254ADD800087AEC7 /* Products */;
			projectDirPath = "";
			projectRoot = "";
			targets = (
				3FF299E6254ADD800087AEC7 /* INTITA */,
				64F78E6F255C5874002C1565 /* INTITATests */,
			);
		};
/* End PBXProject section */

/* Begin PBXResourcesBuildPhase section */
		3FF299E5254ADD800087AEC7 /* Resources */ = {
			isa = PBXResourcesBuildPhase;
			buildActionMask = 2147483647;
			files = (
				84BF645D255E8B4000E2E036 /* LogoTableViewCell.xib in Resources */,
				3FF299F7254ADD830087AEC7 /* LaunchScreen.storyboard in Resources */,
				BA78F04125599D6100DE2FB5 /* MyriadPro-Light.ttf in Resources */,
				84BF6463255E8CC200E2E036 /* TextTableViewCell.xib in Resources */,
				84BF6469255E8F6500E2E036 /* RegisterButtonTableViewCell.xib in Resources */,
				BA78F04325599D6300DE2FB5 /* MyriadPro-Regular.ttf in Resources */,
				64F78E2A2551DA01002C1565 /* ForgotPassword.storyboard in Resources */,
				3FF299F4254ADD830087AEC7 /* Assets.xcassets in Resources */,
				84A08F5C2556B9AE00565689 /* LogIn.storyboard in Resources */,
				49F53EAE25531263008327A6 /* Localizable.strings in Resources */,
				3FF299F2254ADD800087AEC7 /* Welcome.storyboard in Resources */,
				84BF646F255E903D00E2E036 /* LinksTableViewCell.xib in Resources */,
				3F2E7708255474A100853140 /* AlertView.xib in Resources */,
			);
			runOnlyForDeploymentPostprocessing = 0;
		};
		64F78E6E255C5874002C1565 /* Resources */ = {
			isa = PBXResourcesBuildPhase;
			buildActionMask = 2147483647;
			files = (
			);
			runOnlyForDeploymentPostprocessing = 0;
		};
/* End PBXResourcesBuildPhase section */

/* Begin PBXSourcesBuildPhase section */
		3FF299E3254ADD800087AEC7 /* Sources */ = {
			isa = PBXSourcesBuildPhase;
			buildActionMask = 2147483647;
			files = (
				84BF6468255E8F6500E2E036 /* RegisterButtonTableViewCell.swift in Sources */,
				3F0780A22554066500E0332F /* AppConstans.swift in Sources */,
				3FB6FD23254FF4D800702D43 /* LogoutResponse.swift in Sources */,
				84BF645C255E8B4000E2E036 /* LogoTableViewCell.swift in Sources */,
				3F2B29CC255A7FE500DDE683 /* UIView+fromNib.swift in Sources */,
				3FF299EF254ADD800087AEC7 /* WelcomeViewController.swift in Sources */,
				64F78E222551D9CA002C1565 /* ForgotPasswordCoordinator.swift in Sources */,
				64F78E4025557CAE002C1565 /* Validate.swift in Sources */,
				846E63B7255007C200C737C4 /* AppDelegate.swift in Sources */,
				84A08F5E2556B9AE00565689 /* LogInCoordinator.swift in Sources */,
				3F07809F2553EF4100E0332F /* UserDefaultsManager.swift in Sources */,
				3FB6FD36255084F200702D43 /* ApiURL.swift in Sources */,
				84BF6462255E8CC200E2E036 /* TextTableViewCell.swift in Sources */,
				3F54E91B254E8F2B00426261 /* LoginResponse.swift in Sources */,
				3F54E923254E94E700426261 /* ApiError.swift in Sources */,
				BA78F0392559614C00DE2FB5 /* Shadow+BorderRadius+CornerRadius.swift in Sources */,
				3F54E926254E97FB00426261 /* Authorization.swift in Sources */,
				84BF646E255E903D00E2E036 /* LinksTableViewCell.swift in Sources */,
				64F78E252551D9E1002C1565 /* ForgotPasswordViewController.swift in Sources */,
				64B74F3E254C71B1004E6A4E /* Coordinator.swift in Sources */,
				3FF29A12254C0BEC0087AEC7 /* String+localized.swift in Sources */,
				3F2B29D7255AB84100DDE683 /* CurrentUser.swift in Sources */,
				64B74F3B254C70E3004E6A4E /* WelcomeCoordinator.swift in Sources */,
				BA78F03C255971A400DE2FB5 /* UIColor+Additions.swift in Sources */,
				3F2E76FF255408B100853140 /* UserData.swift in Sources */,
				BAAB2BCA255DC67300D6D528 /* ActivityIndicatorView.swift in Sources */,
				3FF299ED254ADD800087AEC7 /* SceneDelegate.swift in Sources */,
				3F2E770B255474C600853140 /* AlertView.swift in Sources */,
				3FFAC973254DAAFF00AED580 /* RequestAPI.swift in Sources */,
				BAF940CE2550754300AE50CE /* PromoTextView.swift in Sources */,
				84A08F5D2556B9AE00565689 /* LogInViewController.swift in Sources */,
				BA8D88572552C54D005A44C2 /* UIFont+Additions.swift in Sources */,
				64B74F41254C71F2004E6A4E /* Storyboarded.swift in Sources */,
				848EE5062553FBF30042E3D8 /* LogInViewModel.swift in Sources */,
			);
			runOnlyForDeploymentPostprocessing = 0;
		};
		64F78E6C255C5874002C1565 /* Sources */ = {
			isa = PBXSourcesBuildPhase;
			buildActionMask = 2147483647;
			files = (
				64F78E7D255C5889002C1565 /* INTITATests.swift in Sources */,
				64F78EA0255D4DC8002C1565 /* ValidateTest.swift in Sources */,
			);
			runOnlyForDeploymentPostprocessing = 0;
		};
/* End PBXSourcesBuildPhase section */

/* Begin PBXTargetDependency section */
		64F78E76255C5874002C1565 /* PBXTargetDependency */ = {
			isa = PBXTargetDependency;
			target = 3FF299E6254ADD800087AEC7 /* INTITA */;
			targetProxy = 64F78E75255C5874002C1565 /* PBXContainerItemProxy */;
		};
/* End PBXTargetDependency section */

/* Begin PBXVariantGroup section */
		3FF299F0254ADD800087AEC7 /* Welcome.storyboard */ = {
			isa = PBXVariantGroup;
			children = (
				3FF299F1254ADD800087AEC7 /* Base */,
			);
			name = Welcome.storyboard;
			sourceTree = "<group>";
		};
		3FF299F5254ADD830087AEC7 /* LaunchScreen.storyboard */ = {
			isa = PBXVariantGroup;
			children = (
				3FF299F6254ADD830087AEC7 /* Base */,
			);
			name = LaunchScreen.storyboard;
			sourceTree = "<group>";
		};
		49F53EAC25531263008327A6 /* Localizable.strings */ = {
			isa = PBXVariantGroup;
			children = (
				49F53EAD25531263008327A6 /* uk */,
				49F53EB02553126D008327A6 /* ru */,
				49F53EB125531274008327A6 /* en */,
			);
			name = Localizable.strings;
			sourceTree = "<group>";
		};
/* End PBXVariantGroup section */

/* Begin XCBuildConfiguration section */
		3FF299F9254ADD830087AEC7 /* Debug */ = {
			isa = XCBuildConfiguration;
			buildSettings = {
				ALWAYS_SEARCH_USER_PATHS = NO;
				CLANG_ANALYZER_LOCALIZABILITY_NONLOCALIZED = YES;
				CLANG_ANALYZER_NONNULL = YES;
				CLANG_ANALYZER_NUMBER_OBJECT_CONVERSION = YES_AGGRESSIVE;
				CLANG_CXX_LANGUAGE_STANDARD = "gnu++14";
				CLANG_CXX_LIBRARY = "libc++";
				CLANG_ENABLE_MODULES = YES;
				CLANG_ENABLE_OBJC_ARC = YES;
				CLANG_ENABLE_OBJC_WEAK = YES;
				CLANG_WARN_BLOCK_CAPTURE_AUTORELEASING = YES;
				CLANG_WARN_BOOL_CONVERSION = YES;
				CLANG_WARN_COMMA = YES;
				CLANG_WARN_CONSTANT_CONVERSION = YES;
				CLANG_WARN_DEPRECATED_OBJC_IMPLEMENTATIONS = YES;
				CLANG_WARN_DIRECT_OBJC_ISA_USAGE = YES_ERROR;
				CLANG_WARN_DOCUMENTATION_COMMENTS = YES;
				CLANG_WARN_EMPTY_BODY = YES;
				CLANG_WARN_ENUM_CONVERSION = YES;
				CLANG_WARN_INFINITE_RECURSION = YES;
				CLANG_WARN_INT_CONVERSION = YES;
				CLANG_WARN_NON_LITERAL_NULL_CONVERSION = YES;
				CLANG_WARN_OBJC_IMPLICIT_RETAIN_SELF = YES;
				CLANG_WARN_OBJC_LITERAL_CONVERSION = YES;
				CLANG_WARN_OBJC_ROOT_CLASS = YES_ERROR;
				CLANG_WARN_QUOTED_INCLUDE_IN_FRAMEWORK_HEADER = YES;
				CLANG_WARN_RANGE_LOOP_ANALYSIS = YES;
				CLANG_WARN_STRICT_PROTOTYPES = YES;
				CLANG_WARN_SUSPICIOUS_MOVE = YES;
				CLANG_WARN_UNGUARDED_AVAILABILITY = YES_AGGRESSIVE;
				CLANG_WARN_UNREACHABLE_CODE = YES;
				CLANG_WARN__DUPLICATE_METHOD_MATCH = YES;
				COPY_PHASE_STRIP = NO;
				DEBUG_INFORMATION_FORMAT = dwarf;
				ENABLE_STRICT_OBJC_MSGSEND = YES;
				ENABLE_TESTABILITY = YES;
				GCC_C_LANGUAGE_STANDARD = gnu11;
				GCC_DYNAMIC_NO_PIC = NO;
				GCC_NO_COMMON_BLOCKS = YES;
				GCC_OPTIMIZATION_LEVEL = 0;
				GCC_PREPROCESSOR_DEFINITIONS = (
					"DEBUG=1",
					"$(inherited)",
				);
				GCC_WARN_64_TO_32_BIT_CONVERSION = YES;
				GCC_WARN_ABOUT_RETURN_TYPE = YES_ERROR;
				GCC_WARN_UNDECLARED_SELECTOR = YES;
				GCC_WARN_UNINITIALIZED_AUTOS = YES_AGGRESSIVE;
				GCC_WARN_UNUSED_FUNCTION = YES;
				GCC_WARN_UNUSED_VARIABLE = YES;
				IPHONEOS_DEPLOYMENT_TARGET = 14.0;
				MTL_ENABLE_DEBUG_INFO = INCLUDE_SOURCE;
				MTL_FAST_MATH = YES;
				ONLY_ACTIVE_ARCH = YES;
				SDKROOT = iphoneos;
				SWIFT_ACTIVE_COMPILATION_CONDITIONS = DEBUG;
				SWIFT_OPTIMIZATION_LEVEL = "-Onone";
			};
			name = Debug;
		};
		3FF299FA254ADD830087AEC7 /* Release */ = {
			isa = XCBuildConfiguration;
			buildSettings = {
				ALWAYS_SEARCH_USER_PATHS = NO;
				CLANG_ANALYZER_LOCALIZABILITY_NONLOCALIZED = YES;
				CLANG_ANALYZER_NONNULL = YES;
				CLANG_ANALYZER_NUMBER_OBJECT_CONVERSION = YES_AGGRESSIVE;
				CLANG_CXX_LANGUAGE_STANDARD = "gnu++14";
				CLANG_CXX_LIBRARY = "libc++";
				CLANG_ENABLE_MODULES = YES;
				CLANG_ENABLE_OBJC_ARC = YES;
				CLANG_ENABLE_OBJC_WEAK = YES;
				CLANG_WARN_BLOCK_CAPTURE_AUTORELEASING = YES;
				CLANG_WARN_BOOL_CONVERSION = YES;
				CLANG_WARN_COMMA = YES;
				CLANG_WARN_CONSTANT_CONVERSION = YES;
				CLANG_WARN_DEPRECATED_OBJC_IMPLEMENTATIONS = YES;
				CLANG_WARN_DIRECT_OBJC_ISA_USAGE = YES_ERROR;
				CLANG_WARN_DOCUMENTATION_COMMENTS = YES;
				CLANG_WARN_EMPTY_BODY = YES;
				CLANG_WARN_ENUM_CONVERSION = YES;
				CLANG_WARN_INFINITE_RECURSION = YES;
				CLANG_WARN_INT_CONVERSION = YES;
				CLANG_WARN_NON_LITERAL_NULL_CONVERSION = YES;
				CLANG_WARN_OBJC_IMPLICIT_RETAIN_SELF = YES;
				CLANG_WARN_OBJC_LITERAL_CONVERSION = YES;
				CLANG_WARN_OBJC_ROOT_CLASS = YES_ERROR;
				CLANG_WARN_QUOTED_INCLUDE_IN_FRAMEWORK_HEADER = YES;
				CLANG_WARN_RANGE_LOOP_ANALYSIS = YES;
				CLANG_WARN_STRICT_PROTOTYPES = YES;
				CLANG_WARN_SUSPICIOUS_MOVE = YES;
				CLANG_WARN_UNGUARDED_AVAILABILITY = YES_AGGRESSIVE;
				CLANG_WARN_UNREACHABLE_CODE = YES;
				CLANG_WARN__DUPLICATE_METHOD_MATCH = YES;
				COPY_PHASE_STRIP = NO;
				DEBUG_INFORMATION_FORMAT = "dwarf-with-dsym";
				ENABLE_NS_ASSERTIONS = NO;
				ENABLE_STRICT_OBJC_MSGSEND = YES;
				GCC_C_LANGUAGE_STANDARD = gnu11;
				GCC_NO_COMMON_BLOCKS = YES;
				GCC_WARN_64_TO_32_BIT_CONVERSION = YES;
				GCC_WARN_ABOUT_RETURN_TYPE = YES_ERROR;
				GCC_WARN_UNDECLARED_SELECTOR = YES;
				GCC_WARN_UNINITIALIZED_AUTOS = YES_AGGRESSIVE;
				GCC_WARN_UNUSED_FUNCTION = YES;
				GCC_WARN_UNUSED_VARIABLE = YES;
				IPHONEOS_DEPLOYMENT_TARGET = 14.0;
				MTL_ENABLE_DEBUG_INFO = NO;
				MTL_FAST_MATH = YES;
				SDKROOT = iphoneos;
				SWIFT_COMPILATION_MODE = wholemodule;
				SWIFT_OPTIMIZATION_LEVEL = "-O";
				VALIDATE_PRODUCT = YES;
			};
			name = Release;
		};
		3FF299FC254ADD830087AEC7 /* Debug */ = {
			isa = XCBuildConfiguration;
			buildSettings = {
				ASSETCATALOG_COMPILER_APPICON_NAME = AppIcon;
				ASSETCATALOG_COMPILER_GLOBAL_ACCENT_COLOR_NAME = AccentColor;
				CODE_SIGN_STYLE = Automatic;
				DEVELOPMENT_TEAM = "";
				INFOPLIST_FILE = INTITA/Info.plist;
				LD_RUNPATH_SEARCH_PATHS = (
					"$(inherited)",
					"@executable_path/Frameworks",
				);
				PRODUCT_BUNDLE_IDENTIFIER = com.spiridonova.anastasiia.INTITA;
				PRODUCT_NAME = "$(TARGET_NAME)";
				SWIFT_VERSION = 5.0;
				TARGETED_DEVICE_FAMILY = 1;
			};
			name = Debug;
		};
		3FF299FD254ADD830087AEC7 /* Release */ = {
			isa = XCBuildConfiguration;
			buildSettings = {
				ASSETCATALOG_COMPILER_APPICON_NAME = AppIcon;
				ASSETCATALOG_COMPILER_GLOBAL_ACCENT_COLOR_NAME = AccentColor;
				CODE_SIGN_STYLE = Automatic;
				DEVELOPMENT_TEAM = "";
				INFOPLIST_FILE = INTITA/Info.plist;
				LD_RUNPATH_SEARCH_PATHS = (
					"$(inherited)",
					"@executable_path/Frameworks",
				);
				PRODUCT_BUNDLE_IDENTIFIER = com.spiridonova.anastasiia.INTITA;
				PRODUCT_NAME = "$(TARGET_NAME)";
				SWIFT_VERSION = 5.0;
				TARGETED_DEVICE_FAMILY = 1;
			};
			name = Release;
		};
		64F78E77255C5874002C1565 /* Debug */ = {
			isa = XCBuildConfiguration;
			buildSettings = {
				BUNDLE_LOADER = "$(TEST_HOST)";
				CODE_SIGN_STYLE = Automatic;
				INFOPLIST_FILE = INTITATests/Info.plist;
				IPHONEOS_DEPLOYMENT_TARGET = 14.0;
				LD_RUNPATH_SEARCH_PATHS = (
					"$(inherited)",
					"@executable_path/Frameworks",
					"@loader_path/Frameworks",
				);
				PRODUCT_BUNDLE_IDENTIFIER = MarkovViacheslav.INTITATests;
				PRODUCT_NAME = "$(TARGET_NAME)";
				SWIFT_VERSION = 5.0;
				TARGETED_DEVICE_FAMILY = "1,2";
				TEST_HOST = "$(BUILT_PRODUCTS_DIR)/INTITA.app/INTITA";
			};
			name = Debug;
		};
		64F78E78255C5874002C1565 /* Release */ = {
			isa = XCBuildConfiguration;
			buildSettings = {
				BUNDLE_LOADER = "$(TEST_HOST)";
				CODE_SIGN_STYLE = Automatic;
				INFOPLIST_FILE = INTITATests/Info.plist;
				IPHONEOS_DEPLOYMENT_TARGET = 14.0;
				LD_RUNPATH_SEARCH_PATHS = (
					"$(inherited)",
					"@executable_path/Frameworks",
					"@loader_path/Frameworks",
				);
				PRODUCT_BUNDLE_IDENTIFIER = MarkovViacheslav.INTITATests;
				PRODUCT_NAME = "$(TARGET_NAME)";
				SWIFT_VERSION = 5.0;
				TARGETED_DEVICE_FAMILY = "1,2";
				TEST_HOST = "$(BUILT_PRODUCTS_DIR)/INTITA.app/INTITA";
			};
			name = Release;
		};
/* End XCBuildConfiguration section */

/* Begin XCConfigurationList section */
		3FF299E2254ADD800087AEC7 /* Build configuration list for PBXProject "INTITA" */ = {
			isa = XCConfigurationList;
			buildConfigurations = (
				3FF299F9254ADD830087AEC7 /* Debug */,
				3FF299FA254ADD830087AEC7 /* Release */,
			);
			defaultConfigurationIsVisible = 0;
			defaultConfigurationName = Release;
		};
		3FF299FB254ADD830087AEC7 /* Build configuration list for PBXNativeTarget "INTITA" */ = {
			isa = XCConfigurationList;
			buildConfigurations = (
				3FF299FC254ADD830087AEC7 /* Debug */,
				3FF299FD254ADD830087AEC7 /* Release */,
			);
			defaultConfigurationIsVisible = 0;
			defaultConfigurationName = Release;
		};
		64F78E79255C5874002C1565 /* Build configuration list for PBXNativeTarget "INTITATests" */ = {
			isa = XCConfigurationList;
			buildConfigurations = (
				64F78E77255C5874002C1565 /* Debug */,
				64F78E78255C5874002C1565 /* Release */,
			);
			defaultConfigurationIsVisible = 0;
			defaultConfigurationName = Release;
		};
/* End XCConfigurationList section */
	};
	rootObject = 3FF299DF254ADD800087AEC7 /* Project object */;
}
