// !$*UTF8*$!
{
	archiveVersion = 1;
	classes = {
	};
	objectVersion = 50;
	objects = {

/* Begin PBXBuildFile section */
		3FF299EB254ADD800087AEC7 /* AppDelegate.swift in Sources */ = {isa = PBXBuildFile; fileRef = 3FF299EA254ADD800087AEC7 /* AppDelegate.swift */; };
		3FF299ED254ADD800087AEC7 /* SceneDelegate.swift in Sources */ = {isa = PBXBuildFile; fileRef = 3FF299EC254ADD800087AEC7 /* SceneDelegate.swift */; };
		3FF299EF254ADD800087AEC7 /* WelcomeViewController.swift in Sources */ = {isa = PBXBuildFile; fileRef = 3FF299EE254ADD800087AEC7 /* WelcomeViewController.swift */; };
		3FF299F2254ADD800087AEC7 /* Welcome.storyboard in Resources */ = {isa = PBXBuildFile; fileRef = 3FF299F0254ADD800087AEC7 /* Welcome.storyboard */; };
		3FF299F4254ADD830087AEC7 /* Assets.xcassets in Resources */ = {isa = PBXBuildFile; fileRef = 3FF299F3254ADD830087AEC7 /* Assets.xcassets */; };
		3FF299F7254ADD830087AEC7 /* LaunchScreen.storyboard in Resources */ = {isa = PBXBuildFile; fileRef = 3FF299F5254ADD830087AEC7 /* LaunchScreen.storyboard */; };
		3FF29A07254AE4460087AEC7 /* Localizable.strings in Resources */ = {isa = PBXBuildFile; fileRef = 3FF29A09254AE4460087AEC7 /* Localizable.strings */; };
		3FF29A12254C0BEC0087AEC7 /* String+localized.swift in Sources */ = {isa = PBXBuildFile; fileRef = 3FF29A11254C0BEC0087AEC7 /* String+localized.swift */; };
		3FFAC973254DAAFF00AED580 /* RequestAPI.swift in Sources */ = {isa = PBXBuildFile; fileRef = 3FFAC972254DAAFF00AED580 /* RequestAPI.swift */; };
		64B74F3B254C70E3004E6A4E /* WelcomeCoordinator.swift in Sources */ = {isa = PBXBuildFile; fileRef = 64B74F3A254C70E3004E6A4E /* WelcomeCoordinator.swift */; };
		64B74F3E254C71B1004E6A4E /* Coordinator.swift in Sources */ = {isa = PBXBuildFile; fileRef = 64B74F3D254C71B1004E6A4E /* Coordinator.swift */; };
		64B74F41254C71F2004E6A4E /* Storyboarded.swift in Sources */ = {isa = PBXBuildFile; fileRef = 64B74F40254C71F2004E6A4E /* Storyboarded.swift */; };
		846E63A7254FFD3F00C737C4 /* LogIn.storyboard in Resources */ = {isa = PBXBuildFile; fileRef = 846E63A6254FFD3F00C737C4 /* LogIn.storyboard */; };
		846E63AA254FFD6600C737C4 /* LogInViewController.swift in Sources */ = {isa = PBXBuildFile; fileRef = 846E63A9254FFD6600C737C4 /* LogInViewController.swift */; };
		846E63AD254FFD7500C737C4 /* LogInCoordinator.swift in Sources */ = {isa = PBXBuildFile; fileRef = 846E63AC254FFD7500C737C4 /* LogInCoordinator.swift */; };
/* End PBXBuildFile section */

/* Begin PBXFileReference section */
		3FF299E7254ADD800087AEC7 /* INTITA.app */ = {isa = PBXFileReference; explicitFileType = wrapper.application; includeInIndex = 0; path = INTITA.app; sourceTree = BUILT_PRODUCTS_DIR; };
		3FF299EA254ADD800087AEC7 /* AppDelegate.swift */ = {isa = PBXFileReference; lastKnownFileType = sourcecode.swift; path = AppDelegate.swift; sourceTree = "<group>"; };
		3FF299EC254ADD800087AEC7 /* SceneDelegate.swift */ = {isa = PBXFileReference; lastKnownFileType = sourcecode.swift; path = SceneDelegate.swift; sourceTree = "<group>"; };
		3FF299EE254ADD800087AEC7 /* WelcomeViewController.swift */ = {isa = PBXFileReference; lastKnownFileType = sourcecode.swift; path = WelcomeViewController.swift; sourceTree = "<group>"; };
		3FF299F1254ADD800087AEC7 /* Base */ = {isa = PBXFileReference; lastKnownFileType = file.storyboard; name = Base; path = Base.lproj/Welcome.storyboard; sourceTree = "<group>"; };
		3FF299F3254ADD830087AEC7 /* Assets.xcassets */ = {isa = PBXFileReference; lastKnownFileType = folder.assetcatalog; path = Assets.xcassets; sourceTree = "<group>"; };
		3FF299F6254ADD830087AEC7 /* Base */ = {isa = PBXFileReference; lastKnownFileType = file.storyboard; name = Base; path = Base.lproj/LaunchScreen.storyboard; sourceTree = "<group>"; };
		3FF299F8254ADD830087AEC7 /* Info.plist */ = {isa = PBXFileReference; lastKnownFileType = text.plist.xml; path = Info.plist; sourceTree = "<group>"; };
		3FF29A00254AE3910087AEC7 /* uk */ = {isa = PBXFileReference; lastKnownFileType = text.plist.strings; name = uk; path = uk.lproj/Welcome.strings; sourceTree = "<group>"; };
		3FF29A01254AE3910087AEC7 /* uk */ = {isa = PBXFileReference; lastKnownFileType = text.plist.strings; name = uk; path = uk.lproj/LaunchScreen.strings; sourceTree = "<group>"; };
		3FF29A02254AE3A90087AEC7 /* ru */ = {isa = PBXFileReference; lastKnownFileType = text.plist.strings; name = ru; path = ru.lproj/Welcome.strings; sourceTree = "<group>"; };
		3FF29A03254AE3A90087AEC7 /* ru */ = {isa = PBXFileReference; lastKnownFileType = text.plist.strings; name = ru; path = ru.lproj/LaunchScreen.strings; sourceTree = "<group>"; };
		3FF29A08254AE4460087AEC7 /* en */ = {isa = PBXFileReference; lastKnownFileType = text.plist.strings; name = en; path = en.lproj/Localizable.strings; sourceTree = "<group>"; };
		3FF29A0B254AE44C0087AEC7 /* ru */ = {isa = PBXFileReference; lastKnownFileType = text.plist.strings; name = ru; path = ru.lproj/Localizable.strings; sourceTree = "<group>"; };
		3FF29A0C254AE44C0087AEC7 /* uk */ = {isa = PBXFileReference; lastKnownFileType = text.plist.strings; name = uk; path = uk.lproj/Localizable.strings; sourceTree = "<group>"; };
		3FF29A11254C0BEC0087AEC7 /* String+localized.swift */ = {isa = PBXFileReference; lastKnownFileType = sourcecode.swift; path = "String+localized.swift"; sourceTree = "<group>"; };
		3FFAC972254DAAFF00AED580 /* RequestAPI.swift */ = {isa = PBXFileReference; lastKnownFileType = sourcecode.swift; path = RequestAPI.swift; sourceTree = "<group>"; };
		64B74F3A254C70E3004E6A4E /* WelcomeCoordinator.swift */ = {isa = PBXFileReference; lastKnownFileType = sourcecode.swift; path = WelcomeCoordinator.swift; sourceTree = "<group>"; };
		64B74F3D254C71B1004E6A4E /* Coordinator.swift */ = {isa = PBXFileReference; lastKnownFileType = sourcecode.swift; path = Coordinator.swift; sourceTree = "<group>"; };
		64B74F40254C71F2004E6A4E /* Storyboarded.swift */ = {isa = PBXFileReference; lastKnownFileType = sourcecode.swift; path = Storyboarded.swift; sourceTree = "<group>"; };
		846E63A6254FFD3F00C737C4 /* LogIn.storyboard */ = {isa = PBXFileReference; lastKnownFileType = file.storyboard; path = LogIn.storyboard; sourceTree = "<group>"; };
		846E63A9254FFD6600C737C4 /* LogInViewController.swift */ = {isa = PBXFileReference; lastKnownFileType = sourcecode.swift; path = LogInViewController.swift; sourceTree = "<group>"; };
		846E63AC254FFD7500C737C4 /* LogInCoordinator.swift */ = {isa = PBXFileReference; lastKnownFileType = sourcecode.swift; path = LogInCoordinator.swift; sourceTree = "<group>"; };
/* End PBXFileReference section */

/* Begin PBXFrameworksBuildPhase section */
		3FF299E4254ADD800087AEC7 /* Frameworks */ = {
			isa = PBXFrameworksBuildPhase;
			buildActionMask = 2147483647;
			files = (
			);
			runOnlyForDeploymentPostprocessing = 0;
		};
/* End PBXFrameworksBuildPhase section */

/* Begin PBXGroup section */
		3FF299DE254ADD800087AEC7 = {
			isa = PBXGroup;
			children = (
				3FF299E9254ADD800087AEC7 /* INTITA */,
				3FF299E8254ADD800087AEC7 /* Products */,
			);
			sourceTree = "<group>";
		};
		3FF299E8254ADD800087AEC7 /* Products */ = {
			isa = PBXGroup;
			children = (
				3FF299E7254ADD800087AEC7 /* INTITA.app */,
			);
			name = Products;
			sourceTree = "<group>";
		};
		3FF299E9254ADD800087AEC7 /* INTITA */ = {
			isa = PBXGroup;
			children = (
				846E63A5254FFD2600C737C4 /* LogIn */,
				3FF29A14254C0BFF0087AEC7 /* Extensions */,
				3FF29A09254AE4460087AEC7 /* Localizable.strings */,
				3FF299EA254ADD800087AEC7 /* AppDelegate.swift */,
				3FFAC975254DAB0700AED580 /* Networking */,
				3FF299EC254ADD800087AEC7 /* SceneDelegate.swift */,
				64B74F47254DC369004E6A4E /* Welcome */,
				3FF299F3254ADD830087AEC7 /* Assets.xcassets */,
				3FF299F5254ADD830087AEC7 /* LaunchScreen.storyboard */,
				3FF299F8254ADD830087AEC7 /* Info.plist */,
			);
			path = INTITA;
			sourceTree = "<group>";
		};
		3FF29A14254C0BFF0087AEC7 /* Extensions */ = {
			isa = PBXGroup;
			children = (
				3FF29A11254C0BEC0087AEC7 /* String+localized.swift */,
				64B74F3D254C71B1004E6A4E /* Coordinator.swift */,
				64B74F40254C71F2004E6A4E /* Storyboarded.swift */,
			);
			path = Extensions;
			sourceTree = "<group>";
		};
		3FFAC975254DAB0700AED580 /* Networking */ = {
			isa = PBXGroup;
			children = (
				3FFAC972254DAAFF00AED580 /* RequestAPI.swift */,
			);
			path = Networking;
			sourceTree = "<group>";
		};
		64B74F47254DC369004E6A4E /* Welcome */ = {
			isa = PBXGroup;
			children = (
				64B74F3A254C70E3004E6A4E /* WelcomeCoordinator.swift */,
				3FF299EE254ADD800087AEC7 /* WelcomeViewController.swift */,
				3FF299F0254ADD800087AEC7 /* Welcome.storyboard */,
			);
			path = Welcome;
			sourceTree = "<group>";
		};
		846E63A5254FFD2600C737C4 /* LogIn */ = {
			isa = PBXGroup;
			children = (
				846E63A6254FFD3F00C737C4 /* LogIn.storyboard */,
				846E63A9254FFD6600C737C4 /* LogInViewController.swift */,
				846E63AC254FFD7500C737C4 /* LogInCoordinator.swift */,
			);
			path = LogIn;
			sourceTree = "<group>";
		};
/* End PBXGroup section */

/* Begin PBXNativeTarget section */
		3FF299E6254ADD800087AEC7 /* INTITA */ = {
			isa = PBXNativeTarget;
			buildConfigurationList = 3FF299FB254ADD830087AEC7 /* Build configuration list for PBXNativeTarget "INTITA" */;
			buildPhases = (
				3FF299E3254ADD800087AEC7 /* Sources */,
				3FF299E4254ADD800087AEC7 /* Frameworks */,
				3FF299E5254ADD800087AEC7 /* Resources */,
			);
			buildRules = (
			);
			dependencies = (
			);
			name = INTITA;
			productName = INTITA;
			productReference = 3FF299E7254ADD800087AEC7 /* INTITA.app */;
			productType = "com.apple.product-type.application";
		};
/* End PBXNativeTarget section */

/* Begin PBXProject section */
		3FF299DF254ADD800087AEC7 /* Project object */ = {
			isa = PBXProject;
			attributes = {
				LastSwiftUpdateCheck = 1210;
				LastUpgradeCheck = 1210;
				TargetAttributes = {
					3FF299E6254ADD800087AEC7 = {
						CreatedOnToolsVersion = 12.1;
					};
				};
			};
			buildConfigurationList = 3FF299E2254ADD800087AEC7 /* Build configuration list for PBXProject "INTITA" */;
			compatibilityVersion = "Xcode 9.3";
			developmentRegion = en;
			hasScannedForEncodings = 0;
			knownRegions = (
				en,
				Base,
				uk,
				ru,
			);
			mainGroup = 3FF299DE254ADD800087AEC7;
			productRefGroup = 3FF299E8254ADD800087AEC7 /* Products */;
			projectDirPath = "";
			projectRoot = "";
			targets = (
				3FF299E6254ADD800087AEC7 /* INTITA */,
			);
		};
/* End PBXProject section */

/* Begin PBXResourcesBuildPhase section */
		3FF299E5254ADD800087AEC7 /* Resources */ = {
			isa = PBXResourcesBuildPhase;
			buildActionMask = 2147483647;
			files = (
				3FF299F7254ADD830087AEC7 /* LaunchScreen.storyboard in Resources */,
				3FF29A07254AE4460087AEC7 /* Localizable.strings in Resources */,
				3FF299F4254ADD830087AEC7 /* Assets.xcassets in Resources */,
				3FF299F2254ADD800087AEC7 /* Welcome.storyboard in Resources */,
				846E63A7254FFD3F00C737C4 /* LogIn.storyboard in Resources */,
			);
			runOnlyForDeploymentPostprocessing = 0;
		};
/* End PBXResourcesBuildPhase section */

/* Begin PBXSourcesBuildPhase section */
		3FF299E3254ADD800087AEC7 /* Sources */ = {
			isa = PBXSourcesBuildPhase;
			buildActionMask = 2147483647;
			files = (
				3FF299EF254ADD800087AEC7 /* WelcomeViewController.swift in Sources */,
				3FF299EB254ADD800087AEC7 /* AppDelegate.swift in Sources */,
				846E63AD254FFD7500C737C4 /* LogInCoordinator.swift in Sources */,
				846E63AA254FFD6600C737C4 /* LogInViewController.swift in Sources */,
				64B74F3E254C71B1004E6A4E /* Coordinator.swift in Sources */,
				3FF29A12254C0BEC0087AEC7 /* String+localized.swift in Sources */,
				64B74F3B254C70E3004E6A4E /* WelcomeCoordinator.swift in Sources */,
				3FF299ED254ADD800087AEC7 /* SceneDelegate.swift in Sources */,
				3FFAC973254DAAFF00AED580 /* RequestAPI.swift in Sources */,
				64B74F41254C71F2004E6A4E /* Storyboarded.swift in Sources */,
			);
			runOnlyForDeploymentPostprocessing = 0;
		};
/* End PBXSourcesBuildPhase section */

/* Begin PBXVariantGroup section */
		3FF299F0254ADD800087AEC7 /* Welcome.storyboard */ = {
			isa = PBXVariantGroup;
			children = (
				3FF299F1254ADD800087AEC7 /* Base */,
				3FF29A00254AE3910087AEC7 /* uk */,
				3FF29A02254AE3A90087AEC7 /* ru */,
			);
			name = Welcome.storyboard;
			sourceTree = "<group>";
		};
		3FF299F5254ADD830087AEC7 /* LaunchScreen.storyboard */ = {
			isa = PBXVariantGroup;
			children = (
				3FF299F6254ADD830087AEC7 /* Base */,
				3FF29A01254AE3910087AEC7 /* uk */,
				3FF29A03254AE3A90087AEC7 /* ru */,
			);
			name = LaunchScreen.storyboard;
			sourceTree = "<group>";
		};
		3FF29A09254AE4460087AEC7 /* Localizable.strings */ = {
			isa = PBXVariantGroup;
			children = (
				3FF29A08254AE4460087AEC7 /* en */,
				3FF29A0B254AE44C0087AEC7 /* ru */,
				3FF29A0C254AE44C0087AEC7 /* uk */,
			);
			name = Localizable.strings;
			sourceTree = SOURCE_ROOT;
		};
/* End PBXVariantGroup section */

/* Begin XCBuildConfiguration section */
		3FF299F9254ADD830087AEC7 /* Debug */ = {
			isa = XCBuildConfiguration;
			buildSettings = {
				ALWAYS_SEARCH_USER_PATHS = NO;
				CLANG_ANALYZER_LOCALIZABILITY_NONLOCALIZED = YES;
				CLANG_ANALYZER_NONNULL = YES;
				CLANG_ANALYZER_NUMBER_OBJECT_CONVERSION = YES_AGGRESSIVE;
				CLANG_CXX_LANGUAGE_STANDARD = "gnu++14";
				CLANG_CXX_LIBRARY = "libc++";
				CLANG_ENABLE_MODULES = YES;
				CLANG_ENABLE_OBJC_ARC = YES;
				CLANG_ENABLE_OBJC_WEAK = YES;
				CLANG_WARN_BLOCK_CAPTURE_AUTORELEASING = YES;
				CLANG_WARN_BOOL_CONVERSION = YES;
				CLANG_WARN_COMMA = YES;
				CLANG_WARN_CONSTANT_CONVERSION = YES;
				CLANG_WARN_DEPRECATED_OBJC_IMPLEMENTATIONS = YES;
				CLANG_WARN_DIRECT_OBJC_ISA_USAGE = YES_ERROR;
				CLANG_WARN_DOCUMENTATION_COMMENTS = YES;
				CLANG_WARN_EMPTY_BODY = YES;
				CLANG_WARN_ENUM_CONVERSION = YES;
				CLANG_WARN_INFINITE_RECURSION = YES;
				CLANG_WARN_INT_CONVERSION = YES;
				CLANG_WARN_NON_LITERAL_NULL_CONVERSION = YES;
				CLANG_WARN_OBJC_IMPLICIT_RETAIN_SELF = YES;
				CLANG_WARN_OBJC_LITERAL_CONVERSION = YES;
				CLANG_WARN_OBJC_ROOT_CLASS = YES_ERROR;
				CLANG_WARN_QUOTED_INCLUDE_IN_FRAMEWORK_HEADER = YES;
				CLANG_WARN_RANGE_LOOP_ANALYSIS = YES;
				CLANG_WARN_STRICT_PROTOTYPES = YES;
				CLANG_WARN_SUSPICIOUS_MOVE = YES;
				CLANG_WARN_UNGUARDED_AVAILABILITY = YES_AGGRESSIVE;
				CLANG_WARN_UNREACHABLE_CODE = YES;
				CLANG_WARN__DUPLICATE_METHOD_MATCH = YES;
				COPY_PHASE_STRIP = NO;
				DEBUG_INFORMATION_FORMAT = dwarf;
				ENABLE_STRICT_OBJC_MSGSEND = YES;
				ENABLE_TESTABILITY = YES;
				GCC_C_LANGUAGE_STANDARD = gnu11;
				GCC_DYNAMIC_NO_PIC = NO;
				GCC_NO_COMMON_BLOCKS = YES;
				GCC_OPTIMIZATION_LEVEL = 0;
				GCC_PREPROCESSOR_DEFINITIONS = (
					"DEBUG=1",
					"$(inherited)",
				);
				GCC_WARN_64_TO_32_BIT_CONVERSION = YES;
				GCC_WARN_ABOUT_RETURN_TYPE = YES_ERROR;
				GCC_WARN_UNDECLARED_SELECTOR = YES;
				GCC_WARN_UNINITIALIZED_AUTOS = YES_AGGRESSIVE;
				GCC_WARN_UNUSED_FUNCTION = YES;
				GCC_WARN_UNUSED_VARIABLE = YES;
				IPHONEOS_DEPLOYMENT_TARGET = 14.1;
				MTL_ENABLE_DEBUG_INFO = INCLUDE_SOURCE;
				MTL_FAST_MATH = YES;
				ONLY_ACTIVE_ARCH = YES;
				SDKROOT = iphoneos;
				SWIFT_ACTIVE_COMPILATION_CONDITIONS = DEBUG;
				SWIFT_OPTIMIZATION_LEVEL = "-Onone";
			};
			name = Debug;
		};
		3FF299FA254ADD830087AEC7 /* Release */ = {
			isa = XCBuildConfiguration;
			buildSettings = {
				ALWAYS_SEARCH_USER_PATHS = NO;
				CLANG_ANALYZER_LOCALIZABILITY_NONLOCALIZED = YES;
				CLANG_ANALYZER_NONNULL = YES;
				CLANG_ANALYZER_NUMBER_OBJECT_CONVERSION = YES_AGGRESSIVE;
				CLANG_CXX_LANGUAGE_STANDARD = "gnu++14";
				CLANG_CXX_LIBRARY = "libc++";
				CLANG_ENABLE_MODULES = YES;
				CLANG_ENABLE_OBJC_ARC = YES;
				CLANG_ENABLE_OBJC_WEAK = YES;
				CLANG_WARN_BLOCK_CAPTURE_AUTORELEASING = YES;
				CLANG_WARN_BOOL_CONVERSION = YES;
				CLANG_WARN_COMMA = YES;
				CLANG_WARN_CONSTANT_CONVERSION = YES;
				CLANG_WARN_DEPRECATED_OBJC_IMPLEMENTATIONS = YES;
				CLANG_WARN_DIRECT_OBJC_ISA_USAGE = YES_ERROR;
				CLANG_WARN_DOCUMENTATION_COMMENTS = YES;
				CLANG_WARN_EMPTY_BODY = YES;
				CLANG_WARN_ENUM_CONVERSION = YES;
				CLANG_WARN_INFINITE_RECURSION = YES;
				CLANG_WARN_INT_CONVERSION = YES;
				CLANG_WARN_NON_LITERAL_NULL_CONVERSION = YES;
				CLANG_WARN_OBJC_IMPLICIT_RETAIN_SELF = YES;
				CLANG_WARN_OBJC_LITERAL_CONVERSION = YES;
				CLANG_WARN_OBJC_ROOT_CLASS = YES_ERROR;
				CLANG_WARN_QUOTED_INCLUDE_IN_FRAMEWORK_HEADER = YES;
				CLANG_WARN_RANGE_LOOP_ANALYSIS = YES;
				CLANG_WARN_STRICT_PROTOTYPES = YES;
				CLANG_WARN_SUSPICIOUS_MOVE = YES;
				CLANG_WARN_UNGUARDED_AVAILABILITY = YES_AGGRESSIVE;
				CLANG_WARN_UNREACHABLE_CODE = YES;
				CLANG_WARN__DUPLICATE_METHOD_MATCH = YES;
				COPY_PHASE_STRIP = NO;
				DEBUG_INFORMATION_FORMAT = "dwarf-with-dsym";
				ENABLE_NS_ASSERTIONS = NO;
				ENABLE_STRICT_OBJC_MSGSEND = YES;
				GCC_C_LANGUAGE_STANDARD = gnu11;
				GCC_NO_COMMON_BLOCKS = YES;
				GCC_WARN_64_TO_32_BIT_CONVERSION = YES;
				GCC_WARN_ABOUT_RETURN_TYPE = YES_ERROR;
				GCC_WARN_UNDECLARED_SELECTOR = YES;
				GCC_WARN_UNINITIALIZED_AUTOS = YES_AGGRESSIVE;
				GCC_WARN_UNUSED_FUNCTION = YES;
				GCC_WARN_UNUSED_VARIABLE = YES;
				IPHONEOS_DEPLOYMENT_TARGET = 14.1;
				MTL_ENABLE_DEBUG_INFO = NO;
				MTL_FAST_MATH = YES;
				SDKROOT = iphoneos;
				SWIFT_COMPILATION_MODE = wholemodule;
				SWIFT_OPTIMIZATION_LEVEL = "-O";
				VALIDATE_PRODUCT = YES;
			};
			name = Release;
		};
		3FF299FC254ADD830087AEC7 /* Debug */ = {
			isa = XCBuildConfiguration;
			buildSettings = {
				ASSETCATALOG_COMPILER_APPICON_NAME = AppIcon;
				ASSETCATALOG_COMPILER_GLOBAL_ACCENT_COLOR_NAME = AccentColor;
				CODE_SIGN_STYLE = Automatic;
				DEVELOPMENT_TEAM = P237PGTCQB;
				INFOPLIST_FILE = INTITA/Info.plist;
				LD_RUNPATH_SEARCH_PATHS = (
					"$(inherited)",
					"@executable_path/Frameworks",
				);
				PRODUCT_BUNDLE_IDENTIFIER = com.spiridonova.anastasiia.INTITA;
				PRODUCT_NAME = "$(TARGET_NAME)";
				SWIFT_VERSION = 5.0;
				TARGETED_DEVICE_FAMILY = "1,2";
			};
			name = Debug;
		};
		3FF299FD254ADD830087AEC7 /* Release */ = {
			isa = XCBuildConfiguration;
			buildSettings = {
				ASSETCATALOG_COMPILER_APPICON_NAME = AppIcon;
				ASSETCATALOG_COMPILER_GLOBAL_ACCENT_COLOR_NAME = AccentColor;
				CODE_SIGN_STYLE = Automatic;
				DEVELOPMENT_TEAM = P237PGTCQB;
				INFOPLIST_FILE = INTITA/Info.plist;
				LD_RUNPATH_SEARCH_PATHS = (
					"$(inherited)",
					"@executable_path/Frameworks",
				);
				PRODUCT_BUNDLE_IDENTIFIER = com.spiridonova.anastasiia.INTITA;
				PRODUCT_NAME = "$(TARGET_NAME)";
				SWIFT_VERSION = 5.0;
				TARGETED_DEVICE_FAMILY = "1,2";
			};
			name = Release;
		};
/* End XCBuildConfiguration section */

/* Begin XCConfigurationList section */
		3FF299E2254ADD800087AEC7 /* Build configuration list for PBXProject "INTITA" */ = {
			isa = XCConfigurationList;
			buildConfigurations = (
				3FF299F9254ADD830087AEC7 /* Debug */,
				3FF299FA254ADD830087AEC7 /* Release */,
			);
			defaultConfigurationIsVisible = 0;
			defaultConfigurationName = Release;
		};
		3FF299FB254ADD830087AEC7 /* Build configuration list for PBXNativeTarget "INTITA" */ = {
			isa = XCConfigurationList;
			buildConfigurations = (
				3FF299FC254ADD830087AEC7 /* Debug */,
				3FF299FD254ADD830087AEC7 /* Release */,
			);
			defaultConfigurationIsVisible = 0;
			defaultConfigurationName = Release;
		};
/* End XCConfigurationList section */
	};
	rootObject = 3FF299DF254ADD800087AEC7 /* Project object */;
}
